
Microsoft Visual Studio Solution File, Format Version 12.00
# Visual Studio Version 17
VisualStudioVersion = 17.4.33103.184
MinimumVisualStudioVersion = 10.0.40219.1
Project("{FAE04EC0-301F-11D3-BF4B-00C04F79EFBC}") = "ejercicio3.4", "ejercicio3.4\ejercicio3.4.csproj", "{CB64F326-E5D4-4017-A4E7-C400A254A853}"
EndProject
Global
	GlobalSection(SolutionConfigurationPlatforms) = preSolution
		Debug|Any CPU = Debug|Any CPU
		Release|Any CPU = Release|Any CPU
	EndGlobalSection
	GlobalSection(ProjectConfigurationPlatforms) = postSolution
		{CB64F326-E5D4-4017-A4E7-C400A254A853}.Debug|Any CPU.ActiveCfg = Debug|Any CPU
		{CB64F326-E5D4-4017-A4E7-C400A254A853}.Debug|Any CPU.Build.0 = Debug|Any CPU
		{CB64F326-E5D4-4017-A4E7-C400A254A853}.Release|Any CPU.ActiveCfg = Release|Any CPU
		{CB64F326-E5D4-4017-A4E7-C400A254A853}.Release|Any CPU.Build.0 = Release|Any CPU
	EndGlobalSection
	GlobalSection(SolutionProperties) = preSolution
		HideSolutionNode = FALSE
	EndGlobalSection
	GlobalSection(ExtensibilityGlobals) = postSolution
		SolutionGuid = {7A62BE20-19C6-4B4A-85BF-62BF6C75FECE}
	EndGlobalSection
EndGlobal
